// !$*UTF8*$!
{
	archiveVersion = 1;
	classes = {
	};
	objectVersion = 55;
	objects = {

/* Begin PBXBuildFile section */
		90B68D1A29228DBB000C645F /* AppDelegate.swift in Sources */ = {isa = PBXBuildFile; fileRef = 90B68D1929228DBB000C645F /* AppDelegate.swift */; };
		90B68D1C29228DBB000C645F /* SceneDelegate.swift in Sources */ = {isa = PBXBuildFile; fileRef = 90B68D1B29228DBB000C645F /* SceneDelegate.swift */; };
		90B68D1E29228DBB000C645F /* ViewController.swift in Sources */ = {isa = PBXBuildFile; fileRef = 90B68D1D29228DBB000C645F /* ViewController.swift */; };
		90B68D2129228DBB000C645F /* Main.storyboard in Resources */ = {isa = PBXBuildFile; fileRef = 90B68D1F29228DBB000C645F /* Main.storyboard */; };
		90B68D2329228DBD000C645F /* Assets.xcassets in Resources */ = {isa = PBXBuildFile; fileRef = 90B68D2229228DBD000C645F /* Assets.xcassets */; };
		90B68D2629228DBD000C645F /* LaunchScreen.storyboard in Resources */ = {isa = PBXBuildFile; fileRef = 90B68D2429228DBD000C645F /* LaunchScreen.storyboard */; };
		90B68D3129228DBD000C645F /* Multiply_final_projectTests.swift in Sources */ = {isa = PBXBuildFile; fileRef = 90B68D3029228DBD000C645F /* Multiply_final_projectTests.swift */; };
		90B68D3B29228DBD000C645F /* Multiply_final_projectUITests.swift in Sources */ = {isa = PBXBuildFile; fileRef = 90B68D3A29228DBD000C645F /* Multiply_final_projectUITests.swift */; };
		90B68D3D29228DBD000C645F /* Multiply_final_projectUITestsLaunchTests.swift in Sources */ = {isa = PBXBuildFile; fileRef = 90B68D3C29228DBD000C645F /* Multiply_final_projectUITestsLaunchTests.swift */; };
/* End PBXBuildFile section */

/* Begin PBXContainerItemProxy section */
		90B68D2D29228DBD000C645F /* PBXContainerItemProxy */ = {
			isa = PBXContainerItemProxy;
			containerPortal = 90B68D0E29228DBB000C645F /* Project object */;
			proxyType = 1;
			remoteGlobalIDString = 90B68D1529228DBB000C645F;
			remoteInfo = "Multiply final project";
		};
		90B68D3729228DBD000C645F /* PBXContainerItemProxy */ = {
			isa = PBXContainerItemProxy;
			containerPortal = 90B68D0E29228DBB000C645F /* Project object */;
			proxyType = 1;
			remoteGlobalIDString = 90B68D1529228DBB000C645F;
			remoteInfo = "Multiply final project";
		};
/* End PBXContainerItemProxy section */

/* Begin PBXFileReference section */
		90B68D1629228DBB000C645F /* Multiply final project.app */ = {isa = PBXFileReference; explicitFileType = wrapper.application; includeInIndex = 0; path = "Multiply final project.app"; sourceTree = BUILT_PRODUCTS_DIR; };
		90B68D1929228DBB000C645F /* AppDelegate.swift */ = {isa = PBXFileReference; lastKnownFileType = sourcecode.swift; path = AppDelegate.swift; sourceTree = "<group>"; };
		90B68D1B29228DBB000C645F /* SceneDelegate.swift */ = {isa = PBXFileReference; lastKnownFileType = sourcecode.swift; path = SceneDelegate.swift; sourceTree = "<group>"; };
		90B68D1D29228DBB000C645F /* ViewController.swift */ = {isa = PBXFileReference; lastKnownFileType = sourcecode.swift; path = ViewController.swift; sourceTree = "<group>"; };
		90B68D2029228DBB000C645F /* Base */ = {isa = PBXFileReference; lastKnownFileType = file.storyboard; name = Base; path = Base.lproj/Main.storyboard; sourceTree = "<group>"; };
		90B68D2229228DBD000C645F /* Assets.xcassets */ = {isa = PBXFileReference; lastKnownFileType = folder.assetcatalog; path = Assets.xcassets; sourceTree = "<group>"; };
		90B68D2529228DBD000C645F /* Base */ = {isa = PBXFileReference; lastKnownFileType = file.storyboard; name = Base; path = Base.lproj/LaunchScreen.storyboard; sourceTree = "<group>"; };
		90B68D2729228DBD000C645F /* Info.plist */ = {isa = PBXFileReference; lastKnownFileType = text.plist.xml; path = Info.plist; sourceTree = "<group>"; };
		90B68D2C29228DBD000C645F /* Multiply final projectTests.xctest */ = {isa = PBXFileReference; explicitFileType = wrapper.cfbundle; includeInIndex = 0; path = "Multiply final projectTests.xctest"; sourceTree = BUILT_PRODUCTS_DIR; };
		90B68D3029228DBD000C645F /* Multiply_final_projectTests.swift */ = {isa = PBXFileReference; lastKnownFileType = sourcecode.swift; path = Multiply_final_projectTests.swift; sourceTree = "<group>"; };
		90B68D3629228DBD000C645F /* Multiply final projectUITests.xctest */ = {isa = PBXFileReference; explicitFileType = wrapper.cfbundle; includeInIndex = 0; path = "Multiply final projectUITests.xctest"; sourceTree = BUILT_PRODUCTS_DIR; };
		90B68D3A29228DBD000C645F /* Multiply_final_projectUITests.swift */ = {isa = PBXFileReference; lastKnownFileType = sourcecode.swift; path = Multiply_final_projectUITests.swift; sourceTree = "<group>"; };
		90B68D3C29228DBD000C645F /* Multiply_final_projectUITestsLaunchTests.swift */ = {isa = PBXFileReference; lastKnownFileType = sourcecode.swift; path = Multiply_final_projectUITestsLaunchTests.swift; sourceTree = "<group>"; };
/* End PBXFileReference section */

/* Begin PBXFrameworksBuildPhase section */
		90B68D1329228DBB000C645F /* Frameworks */ = {
			isa = PBXFrameworksBuildPhase;
			buildActionMask = 2147483647;
			files = (
			);
			runOnlyForDeploymentPostprocessing = 0;
		};
		90B68D2929228DBD000C645F /* Frameworks */ = {
			isa = PBXFrameworksBuildPhase;
			buildActionMask = 2147483647;
			files = (
			);
			runOnlyForDeploymentPostprocessing = 0;
		};
		90B68D3329228DBD000C645F /* Frameworks */ = {
			isa = PBXFrameworksBuildPhase;
			buildActionMask = 2147483647;
			files = (
			);
			runOnlyForDeploymentPostprocessing = 0;
		};
/* End PBXFrameworksBuildPhase section */

/* Begin PBXGroup section */
		90B68D0D29228DBB000C645F = {
			isa = PBXGroup;
			children = (
				90B68D1829228DBB000C645F /* Multiply final project */,
				90B68D2F29228DBD000C645F /* Multiply final projectTests */,
				90B68D3929228DBD000C645F /* Multiply final projectUITests */,
				90B68D1729228DBB000C645F /* Products */,
			);
			sourceTree = "<group>";
		};
		90B68D1729228DBB000C645F /* Products */ = {
			isa = PBXGroup;
			children = (
				90B68D1629228DBB000C645F /* Multiply final project.app */,
				90B68D2C29228DBD000C645F /* Multiply final projectTests.xctest */,
				90B68D3629228DBD000C645F /* Multiply final projectUITests.xctest */,
			);
			name = Products;
			sourceTree = "<group>";
		};
		90B68D1829228DBB000C645F /* Multiply final project */ = {
			isa = PBXGroup;
			children = (
				90B68D1929228DBB000C645F /* AppDelegate.swift */,
				90B68D1B29228DBB000C645F /* SceneDelegate.swift */,
				90B68D1D29228DBB000C645F /* ViewController.swift */,
				90B68D1F29228DBB000C645F /* Main.storyboard */,
				90B68D2229228DBD000C645F /* Assets.xcassets */,
				90B68D2429228DBD000C645F /* LaunchScreen.storyboard */,
				90B68D2729228DBD000C645F /* Info.plist */,
			);
			path = "Multiply final project";
			sourceTree = "<group>";
		};
		90B68D2F29228DBD000C645F /* Multiply final projectTests */ = {
			isa = PBXGroup;
			children = (
				90B68D3029228DBD000C645F /* Multiply_final_projectTests.swift */,
			);
			path = "Multiply final projectTests";
			sourceTree = "<group>";
		};
		90B68D3929228DBD000C645F /* Multiply final projectUITests */ = {
			isa = PBXGroup;
			children = (
				90B68D3A29228DBD000C645F /* Multiply_final_projectUITests.swift */,
				90B68D3C29228DBD000C645F /* Multiply_final_projectUITestsLaunchTests.swift */,
			);
			path = "Multiply final projectUITests";
			sourceTree = "<group>";
		};
/* End PBXGroup section */

/* Begin PBXNativeTarget section */
		90B68D1529228DBB000C645F /* Multiply final project */ = {
			isa = PBXNativeTarget;
			buildConfigurationList = 90B68D4029228DBD000C645F /* Build configuration list for PBXNativeTarget "Multiply final project" */;
			buildPhases = (
				90B68D1229228DBB000C645F /* Sources */,
				90B68D1329228DBB000C645F /* Frameworks */,
				90B68D1429228DBB000C645F /* Resources */,
			);
			buildRules = (
			);
			dependencies = (
			);
			name = "Multiply final project";
			productName = "Multiply final project";
			productReference = 90B68D1629228DBB000C645F /* Multiply final project.app */;
			productType = "com.apple.product-type.application";
		};
		90B68D2B29228DBD000C645F /* Multiply final projectTests */ = {
			isa = PBXNativeTarget;
			buildConfigurationList = 90B68D4329228DBD000C645F /* Build configuration list for PBXNativeTarget "Multiply final projectTests" */;
			buildPhases = (
				90B68D2829228DBD000C645F /* Sources */,
				90B68D2929228DBD000C645F /* Frameworks */,
				90B68D2A29228DBD000C645F /* Resources */,
			);
			buildRules = (
			);
			dependencies = (
				90B68D2E29228DBD000C645F /* PBXTargetDependency */,
			);
			name = "Multiply final projectTests";
			productName = "Multiply final projectTests";
			productReference = 90B68D2C29228DBD000C645F /* Multiply final projectTests.xctest */;
			productType = "com.apple.product-type.bundle.unit-test";
		};
		90B68D3529228DBD000C645F /* Multiply final projectUITests */ = {
			isa = PBXNativeTarget;
			buildConfigurationList = 90B68D4629228DBD000C645F /* Build configuration list for PBXNativeTarget "Multiply final projectUITests" */;
			buildPhases = (
				90B68D3229228DBD000C645F /* Sources */,
				90B68D3329228DBD000C645F /* Frameworks */,
				90B68D3429228DBD000C645F /* Resources */,
			);
			buildRules = (
			);
			dependencies = (
				90B68D3829228DBD000C645F /* PBXTargetDependency */,
			);
			name = "Multiply final projectUITests";
			productName = "Multiply final projectUITests";
			productReference = 90B68D3629228DBD000C645F /* Multiply final projectUITests.xctest */;
			productType = "com.apple.product-type.bundle.ui-testing";
		};
/* End PBXNativeTarget section */

/* Begin PBXProject section */
		90B68D0E29228DBB000C645F /* Project object */ = {
			isa = PBXProject;
			attributes = {
				BuildIndependentTargetsInParallel = 1;
				LastSwiftUpdateCheck = 1340;
				LastUpgradeCheck = 1340;
				TargetAttributes = {
					90B68D1529228DBB000C645F = {
						CreatedOnToolsVersion = 13.4.1;
					};
					90B68D2B29228DBD000C645F = {
						CreatedOnToolsVersion = 13.4.1;
						TestTargetID = 90B68D1529228DBB000C645F;
					};
					90B68D3529228DBD000C645F = {
						CreatedOnToolsVersion = 13.4.1;
						TestTargetID = 90B68D1529228DBB000C645F;
					};
				};
			};
			buildConfigurationList = 90B68D1129228DBB000C645F /* Build configuration list for PBXProject "Multiply final project" */;
			compatibilityVersion = "Xcode 13.0";
			developmentRegion = en;
			hasScannedForEncodings = 0;
			knownRegions = (
				en,
				Base,
			);
			mainGroup = 90B68D0D29228DBB000C645F;
			productRefGroup = 90B68D1729228DBB000C645F /* Products */;
			projectDirPath = "";
			projectRoot = "";
			targets = (
				90B68D1529228DBB000C645F /* Multiply final project */,
				90B68D2B29228DBD000C645F /* Multiply final projectTests */,
				90B68D3529228DBD000C645F /* Multiply final projectUITests */,
			);
		};
/* End PBXProject section */

/* Begin PBXResourcesBuildPhase section */
		90B68D1429228DBB000C645F /* Resources */ = {
			isa = PBXResourcesBuildPhase;
			buildActionMask = 2147483647;
			files = (
				90B68D2629228DBD000C645F /* LaunchScreen.storyboard in Resources */,
				90B68D2329228DBD000C645F /* Assets.xcassets in Resources */,
				90B68D2129228DBB000C645F /* Main.storyboard in Resources */,
			);
			runOnlyForDeploymentPostprocessing = 0;
		};
		90B68D2A29228DBD000C645F /* Resources */ = {
			isa = PBXResourcesBuildPhase;
			buildActionMask = 2147483647;
			files = (
			);
			runOnlyForDeploymentPostprocessing = 0;
		};
		90B68D3429228DBD000C645F /* Resources */ = {
			isa = PBXResourcesBuildPhase;
			buildActionMask = 2147483647;
			files = (
			);
			runOnlyForDeploymentPostprocessing = 0;
		};
/* End PBXResourcesBuildPhase section */

/* Begin PBXSourcesBuildPhase section */
		90B68D1229228DBB000C645F /* Sources */ = {
			isa = PBXSourcesBuildPhase;
			buildActionMask = 2147483647;
			files = (
				90B68D1E29228DBB000C645F /* ViewController.swift in Sources */,
				90B68D1A29228DBB000C645F /* AppDelegate.swift in Sources */,
				90B68D1C29228DBB000C645F /* SceneDelegate.swift in Sources */,
			);
			runOnlyForDeploymentPostprocessing = 0;
		};
		90B68D2829228DBD000C645F /* Sources */ = {
			isa = PBXSourcesBuildPhase;
			buildActionMask = 2147483647;
			files = (
				90B68D3129228DBD000C645F /* Multiply_final_projectTests.swift in Sources */,
			);
			runOnlyForDeploymentPostprocessing = 0;
		};
		90B68D3229228DBD000C645F /* Sources */ = {
			isa = PBXSourcesBuildPhase;
			buildActionMask = 2147483647;
			files = (
				90B68D3B29228DBD000C645F /* Multiply_final_projectUITests.swift in Sources */,
				90B68D3D29228DBD000C645F /* Multiply_final_projectUITestsLaunchTests.swift in Sources */,
			);
			runOnlyForDeploymentPostprocessing = 0;
		};
/* End PBXSourcesBuildPhase section */

/* Begin PBXTargetDependency section */
		90B68D2E29228DBD000C645F /* PBXTargetDependency */ = {
			isa = PBXTargetDependency;
			target = 90B68D1529228DBB000C645F /* Multiply final project */;
			targetProxy = 90B68D2D29228DBD000C645F /* PBXContainerItemProxy */;
		};
		90B68D3829228DBD000C645F /* PBXTargetDependency */ = {
			isa = PBXTargetDependency;
			target = 90B68D1529228DBB000C645F /* Multiply final project */;
			targetProxy = 90B68D3729228DBD000C645F /* PBXContainerItemProxy */;
		};
/* End PBXTargetDependency section */

/* Begin PBXVariantGroup section */
		90B68D1F29228DBB000C645F /* Main.storyboard */ = {
			isa = PBXVariantGroup;
			children = (
				90B68D2029228DBB000C645F /* Base */,
			);
			name = Main.storyboard;
			sourceTree = "<group>";
		};
		90B68D2429228DBD000C645F /* LaunchScreen.storyboard */ = {
			isa = PBXVariantGroup;
			children = (
				90B68D2529228DBD000C645F /* Base */,
			);
			name = LaunchScreen.storyboard;
			sourceTree = "<group>";
		};
/* End PBXVariantGroup section */

/* Begin XCBuildConfiguration section */
		90B68D3E29228DBD000C645F /* Debug */ = {
			isa = XCBuildConfiguration;
			buildSettings = {
				ALWAYS_SEARCH_USER_PATHS = NO;
				CLANG_ANALYZER_NONNULL = YES;
				CLANG_ANALYZER_NUMBER_OBJECT_CONVERSION = YES_AGGRESSIVE;
				CLANG_CXX_LANGUAGE_STANDARD = "gnu++17";
				CLANG_ENABLE_MODULES = YES;
				CLANG_ENABLE_OBJC_ARC = YES;
				CLANG_ENABLE_OBJC_WEAK = YES;
				CLANG_WARN_BLOCK_CAPTURE_AUTORELEASING = YES;
				CLANG_WARN_BOOL_CONVERSION = YES;
				CLANG_WARN_COMMA = YES;
				CLANG_WARN_CONSTANT_CONVERSION = YES;
				CLANG_WARN_DEPRECATED_OBJC_IMPLEMENTATIONS = YES;
				CLANG_WARN_DIRECT_OBJC_ISA_USAGE = YES_ERROR;
				CLANG_WARN_DOCUMENTATION_COMMENTS = YES;
				CLANG_WARN_EMPTY_BODY = YES;
				CLANG_WARN_ENUM_CONVERSION = YES;
				CLANG_WARN_INFINITE_RECURSION = YES;
				CLANG_WARN_INT_CONVERSION = YES;
				CLANG_WARN_NON_LITERAL_NULL_CONVERSION = YES;
				CLANG_WARN_OBJC_IMPLICIT_RETAIN_SELF = YES;
				CLANG_WARN_OBJC_LITERAL_CONVERSION = YES;
				CLANG_WARN_OBJC_ROOT_CLASS = YES_ERROR;
				CLANG_WARN_QUOTED_INCLUDE_IN_FRAMEWORK_HEADER = YES;
				CLANG_WARN_RANGE_LOOP_ANALYSIS = YES;
				CLANG_WARN_STRICT_PROTOTYPES = YES;
				CLANG_WARN_SUSPICIOUS_MOVE = YES;
				CLANG_WARN_UNGUARDED_AVAILABILITY = YES_AGGRESSIVE;
				CLANG_WARN_UNREACHABLE_CODE = YES;
				CLANG_WARN__DUPLICATE_METHOD_MATCH = YES;
				COPY_PHASE_STRIP = NO;
				DEBUG_INFORMATION_FORMAT = dwarf;
				ENABLE_STRICT_OBJC_MSGSEND = YES;
				ENABLE_TESTABILITY = YES;
				GCC_C_LANGUAGE_STANDARD = gnu11;
				GCC_DYNAMIC_NO_PIC = NO;
				GCC_NO_COMMON_BLOCKS = YES;
				GCC_OPTIMIZATION_LEVEL = 0;
				GCC_PREPROCESSOR_DEFINITIONS = (
					"DEBUG=1",
					"$(inherited)",
				);
				GCC_WARN_64_TO_32_BIT_CONVERSION = YES;
				GCC_WARN_ABOUT_RETURN_TYPE = YES_ERROR;
				GCC_WARN_UNDECLARED_SELECTOR = YES;
				GCC_WARN_UNINITIALIZED_AUTOS = YES_AGGRESSIVE;
				GCC_WARN_UNUSED_FUNCTION = YES;
				GCC_WARN_UNUSED_VARIABLE = YES;
				IPHONEOS_DEPLOYMENT_TARGET = 15.5;
				MTL_ENABLE_DEBUG_INFO = INCLUDE_SOURCE;
				MTL_FAST_MATH = YES;
				ONLY_ACTIVE_ARCH = YES;
				SDKROOT = iphoneos;
				SWIFT_ACTIVE_COMPILATION_CONDITIONS = DEBUG;
				SWIFT_OPTIMIZATION_LEVEL = "-Onone";
			};
			name = Debug;
		};
		90B68D3F29228DBD000C645F /* Release */ = {
			isa = XCBuildConfiguration;
			buildSettings = {
				ALWAYS_SEARCH_USER_PATHS = NO;
				CLANG_ANALYZER_NONNULL = YES;
				CLANG_ANALYZER_NUMBER_OBJECT_CONVERSION = YES_AGGRESSIVE;
				CLANG_CXX_LANGUAGE_STANDARD = "gnu++17";
				CLANG_ENABLE_MODULES = YES;
				CLANG_ENABLE_OBJC_ARC = YES;
				CLANG_ENABLE_OBJC_WEAK = YES;
				CLANG_WARN_BLOCK_CAPTURE_AUTORELEASING = YES;
				CLANG_WARN_BOOL_CONVERSION = YES;
				CLANG_WARN_COMMA = YES;
				CLANG_WARN_CONSTANT_CONVERSION = YES;
				CLANG_WARN_DEPRECATED_OBJC_IMPLEMENTATIONS = YES;
				CLANG_WARN_DIRECT_OBJC_ISA_USAGE = YES_ERROR;
				CLANG_WARN_DOCUMENTATION_COMMENTS = YES;
				CLANG_WARN_EMPTY_BODY = YES;
				CLANG_WARN_ENUM_CONVERSION = YES;
				CLANG_WARN_INFINITE_RECURSION = YES;
				CLANG_WARN_INT_CONVERSION = YES;
				CLANG_WARN_NON_LITERAL_NULL_CONVERSION = YES;
				CLANG_WARN_OBJC_IMPLICIT_RETAIN_SELF = YES;
				CLANG_WARN_OBJC_LITERAL_CONVERSION = YES;
				CLANG_WARN_OBJC_ROOT_CLASS = YES_ERROR;
				CLANG_WARN_QUOTED_INCLUDE_IN_FRAMEWORK_HEADER = YES;
				CLANG_WARN_RANGE_LOOP_ANALYSIS = YES;
				CLANG_WARN_STRICT_PROTOTYPES = YES;
				CLANG_WARN_SUSPICIOUS_MOVE = YES;
				CLANG_WARN_UNGUARDED_AVAILABILITY = YES_AGGRESSIVE;
				CLANG_WARN_UNREACHABLE_CODE = YES;
				CLANG_WARN__DUPLICATE_METHOD_MATCH = YES;
				COPY_PHASE_STRIP = NO;
				DEBUG_INFORMATION_FORMAT = "dwarf-with-dsym";
				ENABLE_NS_ASSERTIONS = NO;
				ENABLE_STRICT_OBJC_MSGSEND = YES;
				GCC_C_LANGUAGE_STANDARD = gnu11;
				GCC_NO_COMMON_BLOCKS = YES;
				GCC_WARN_64_TO_32_BIT_CONVERSION = YES;
				GCC_WARN_ABOUT_RETURN_TYPE = YES_ERROR;
				GCC_WARN_UNDECLARED_SELECTOR = YES;
				GCC_WARN_UNINITIALIZED_AUTOS = YES_AGGRESSIVE;
				GCC_WARN_UNUSED_FUNCTION = YES;
				GCC_WARN_UNUSED_VARIABLE = YES;
				IPHONEOS_DEPLOYMENT_TARGET = 15.5;
				MTL_ENABLE_DEBUG_INFO = NO;
				MTL_FAST_MATH = YES;
				SDKROOT = iphoneos;
				SWIFT_COMPILATION_MODE = wholemodule;
				SWIFT_OPTIMIZATION_LEVEL = "-O";
				VALIDATE_PRODUCT = YES;
			};
			name = Release;
		};
		90B68D4129228DBD000C645F /* Debug */ = {
			isa = XCBuildConfiguration;
			buildSettings = {
				ASSETCATALOG_COMPILER_APPICON_NAME = AppIcon;
				ASSETCATALOG_COMPILER_GLOBAL_ACCENT_COLOR_NAME = AccentColor;
				CODE_SIGN_STYLE = Automatic;
				CURRENT_PROJECT_VERSION = 1;
				DEVELOPMENT_TEAM = 6AJF578J82;
				GENERATE_INFOPLIST_FILE = YES;
				INFOPLIST_FILE = "Multiply final project/Info.plist";
				INFOPLIST_KEY_UIApplicationSupportsIndirectInputEvents = YES;
				INFOPLIST_KEY_UILaunchStoryboardName = LaunchScreen;
				INFOPLIST_KEY_UIMainStoryboardFile = Main;
				INFOPLIST_KEY_UISupportedInterfaceOrientations_iPad = "UIInterfaceOrientationPortrait UIInterfaceOrientationPortraitUpsideDown UIInterfaceOrientationLandscapeLeft UIInterfaceOrientationLandscapeRight";
				INFOPLIST_KEY_UISupportedInterfaceOrientations_iPhone = "UIInterfaceOrientationPortrait UIInterfaceOrientationLandscapeLeft UIInterfaceOrientationLandscapeRight";
				LD_RUNPATH_SEARCH_PATHS = (
					"$(inherited)",
					"@executable_path/Frameworks",
				);
				MARKETING_VERSION = 1.0;
				PRODUCT_BUNDLE_IDENTIFIER = "org.d127.250062.Multiply-final-project";
				PRODUCT_NAME = "$(TARGET_NAME)";
				SWIFT_EMIT_LOC_STRINGS = YES;
				SWIFT_VERSION = 5.0;
				TARGETED_DEVICE_FAMILY = "1,2";
			};
			name = Debug;
		};
		90B68D4229228DBD000C645F /* Release */ = {
			isa = XCBuildConfiguration;
			buildSettings = {
				ASSETCATALOG_COMPILER_APPICON_NAME = AppIcon;
				ASSETCATALOG_COMPILER_GLOBAL_ACCENT_COLOR_NAME = AccentColor;
				CODE_SIGN_STYLE = Automatic;
				CURRENT_PROJECT_VERSION = 1;
				DEVELOPMENT_TEAM = 6AJF578J82;
				GENERATE_INFOPLIST_FILE = YES;
				INFOPLIST_FILE = "Multiply final project/Info.plist";
				INFOPLIST_KEY_UIApplicationSupportsIndirectInputEvents = YES;
				INFOPLIST_KEY_UILaunchStoryboardName = LaunchScreen;
				INFOPLIST_KEY_UIMainStoryboardFile = Main;
				INFOPLIST_KEY_UISupportedInterfaceOrientations_iPad = "UIInterfaceOrientationPortrait UIInterfaceOrientationPortraitUpsideDown UIInterfaceOrientationLandscapeLeft UIInterfaceOrientationLandscapeRight";
				INFOPLIST_KEY_UISupportedInterfaceOrientations_iPhone = "UIInterfaceOrientationPortrait UIInterfaceOrientationLandscapeLeft UIInterfaceOrientationLandscapeRight";
				LD_RUNPATH_SEARCH_PATHS = (
					"$(inherited)",
					"@executable_path/Frameworks",
				);
				MARKETING_VERSION = 1.0;
				PRODUCT_BUNDLE_IDENTIFIER = "org.d127.250062.Multiply-final-project";
				PRODUCT_NAME = "$(TARGET_NAME)";
				SWIFT_EMIT_LOC_STRINGS = YES;
				SWIFT_VERSION = 5.0;
				TARGETED_DEVICE_FAMILY = "1,2";
			};
			name = Release;
		};
		90B68D4429228DBD000C645F /* Debug */ = {
			isa = XCBuildConfiguration;
			buildSettings = {
				ALWAYS_EMBED_SWIFT_STANDARD_LIBRARIES = YES;
				BUNDLE_LOADER = "$(TEST_HOST)";
				CODE_SIGN_STYLE = Automatic;
				CURRENT_PROJECT_VERSION = 1;
				DEVELOPMENT_TEAM = 6AJF578J82;
				GENERATE_INFOPLIST_FILE = YES;
				IPHONEOS_DEPLOYMENT_TARGET = 15.5;
				MARKETING_VERSION = 1.0;
				PRODUCT_BUNDLE_IDENTIFIER = "org.d127.250062.Multiply-final-projectTests";
				PRODUCT_NAME = "$(TARGET_NAME)";
				SWIFT_EMIT_LOC_STRINGS = NO;
				SWIFT_VERSION = 5.0;
				TARGETED_DEVICE_FAMILY = "1,2";
				TEST_HOST = "$(BUILT_PRODUCTS_DIR)/Multiply final project.app/Multiply final project";
			};
			name = Debug;
		};
		90B68D4529228DBD000C645F /* Release */ = {
			isa = XCBuildConfiguration;
			buildSettings = {
				ALWAYS_EMBED_SWIFT_STANDARD_LIBRARIES = YES;
				BUNDLE_LOADER = "$(TEST_HOST)";
				CODE_SIGN_STYLE = Automatic;
				CURRENT_PROJECT_VERSION = 1;
				DEVELOPMENT_TEAM = 6AJF578J82;
				GENERATE_INFOPLIST_FILE = YES;
				IPHONEOS_DEPLOYMENT_TARGET = 15.5;
				MARKETING_VERSION = 1.0;
				PRODUCT_BUNDLE_IDENTIFIER = "org.d127.250062.Multiply-final-projectTests";
				PRODUCT_NAME = "$(TARGET_NAME)";
				SWIFT_EMIT_LOC_STRINGS = NO;
				SWIFT_VERSION = 5.0;
				TARGETED_DEVICE_FAMILY = "1,2";
				TEST_HOST = "$(BUILT_PRODUCTS_DIR)/Multiply final project.app/Multiply final project";
			};
			name = Release;
		};
		90B68D4729228DBD000C645F /* Debug */ = {
			isa = XCBuildConfiguration;
			buildSettings = {
				ALWAYS_EMBED_SWIFT_STANDARD_LIBRARIES = YES;
				CODE_SIGN_STYLE = Automatic;
				CURRENT_PROJECT_VERSION = 1;
				DEVELOPMENT_TEAM = 6AJF578J82;
				GENERATE_INFOPLIST_FILE = YES;
				MARKETING_VERSION = 1.0;
				PRODUCT_BUNDLE_IDENTIFIER = "org.d127.250062.Multiply-final-projectUITests";
				PRODUCT_NAME = "$(TARGET_NAME)";
				SWIFT_EMIT_LOC_STRINGS = NO;
				SWIFT_VERSION = 5.0;
				TARGETED_DEVICE_FAMILY = "1,2";
				TEST_TARGET_NAME = "Multiply final project";
			};
			name = Debug;
		};
		90B68D4829228DBD000C645F /* Release */ = {
			isa = XCBuildConfiguration;
			buildSettings = {
				ALWAYS_EMBED_SWIFT_STANDARD_LIBRARIES = YES;
				CODE_SIGN_STYLE = Automatic;
				CURRENT_PROJECT_VERSION = 1;
				DEVELOPMENT_TEAM = 6AJF578J82;
				GENERATE_INFOPLIST_FILE = YES;
				MARKETING_VERSION = 1.0;
				PRODUCT_BUNDLE_IDENTIFIER = "org.d127.250062.Multiply-final-projectUITests";
				PRODUCT_NAME = "$(TARGET_NAME)";
				SWIFT_EMIT_LOC_STRINGS = NO;
				SWIFT_VERSION = 5.0;
				TARGETED_DEVICE_FAMILY = "1,2";
				TEST_TARGET_NAME = "Multiply final project";
			};
			name = Release;
		};
/* End XCBuildConfiguration section */

/* Begin XCConfigurationList section */
		90B68D1129228DBB000C645F /* Build configuration list for PBXProject "Multiply final project" */ = {
			isa = XCConfigurationList;
			buildConfigurations = (
				90B68D3E29228DBD000C645F /* Debug */,
				90B68D3F29228DBD000C645F /* Release */,
			);
			defaultConfigurationIsVisible = 0;
			defaultConfigurationName = Release;
		};
		90B68D4029228DBD000C645F /* Build configuration list for PBXNativeTarget "Multiply final project" */ = {
			isa = XCConfigurationList;
			buildConfigurations = (
				90B68D4129228DBD000C645F /* Debug */,
				90B68D4229228DBD000C645F /* Release */,
			);
			defaultConfigurationIsVisible = 0;
			defaultConfigurationName = Release;
		};
		90B68D4329228DBD000C645F /* Build configuration list for PBXNativeTarget "Multiply final projectTests" */ = {
			isa = XCConfigurationList;
			buildConfigurations = (
				90B68D4429228DBD000C645F /* Debug */,
				90B68D4529228DBD000C645F /* Release */,
			);
			defaultConfigurationIsVisible = 0;
			defaultConfigurationName = Release;
		};
		90B68D4629228DBD000C645F /* Build configuration list for PBXNativeTarget "Multiply final projectUITests" */ = {
			isa = XCConfigurationList;
			buildConfigurations = (
				90B68D4729228DBD000C645F /* Debug */,
				90B68D4829228DBD000C645F /* Release */,
			);
			defaultConfigurationIsVisible = 0;
			defaultConfigurationName = Release;
		};
/* End XCConfigurationList section */
	};
	rootObject = 90B68D0E29228DBB000C645F /* Project object */;
}
